
Microsoft Visual Studio Solution File, Format Version 12.00
# Visual Studio 15
VisualStudioVersion = 15.0.28307.705
MinimumVisualStudioVersion = 10.0.40219.1
Project("{FAE04EC0-301F-11D3-BF4B-00C04F79EFBC}") = "WebApi", "WebApi\WebApi.csproj", "{F27894F1-BFA9-480E-81EA-9E25D7716A1A}"
EndProject
Global
	GlobalSection(SolutionConfigurationPlatforms) = preSolution
		Debug|Any CPU = Debug|Any CPU
		Release|Any CPU = Release|Any CPU
	EndGlobalSection
	GlobalSection(ProjectConfigurationPlatforms) = postSolution
		{F27894F1-BFA9-480E-81EA-9E25D7716A1A}.Debug|Any CPU.ActiveCfg = Debug|Any CPU
		{F27894F1-BFA9-480E-81EA-9E25D7716A1A}.Debug|Any CPU.Build.0 = Debug|Any CPU
		{F27894F1-BFA9-480E-81EA-9E25D7716A1A}.Release|Any CPU.ActiveCfg = Release|Any CPU
		{F27894F1-BFA9-480E-81EA-9E25D7716A1A}.Release|Any CPU.Build.0 = Release|Any CPU
	EndGlobalSection
	GlobalSection(SolutionProperties) = preSolution
		HideSolutionNode = FALSE
	EndGlobalSection
	GlobalSection(ExtensibilityGlobals) = postSolution
		SolutionGuid = {F9A5E1D7-F48F-4ED3-BD5C-DA23C53FDAC6}
	EndGlobalSection
EndGlobal
